// !$*UTF8*$!
{
	archiveVersion = 1;
	classes = {
	};
	objectVersion = 50;
	objects = {

/* Begin PBXBuildFile section */
		3A62564924DAC501007DF340 /* AppDelegate.swift in Sources */ = {isa = PBXBuildFile; fileRef = 3A62564824DAC501007DF340 /* AppDelegate.swift */; };
		3A62564B24DAC501007DF340 /* SceneDelegate.swift in Sources */ = {isa = PBXBuildFile; fileRef = 3A62564A24DAC501007DF340 /* SceneDelegate.swift */; };
		3A62564D24DAC501007DF340 /* ContentView.swift in Sources */ = {isa = PBXBuildFile; fileRef = 3A62564C24DAC501007DF340 /* ContentView.swift */; };
		3A62564F24DAC503007DF340 /* Assets.xcassets in Resources */ = {isa = PBXBuildFile; fileRef = 3A62564E24DAC503007DF340 /* Assets.xcassets */; };
		3A62565224DAC503007DF340 /* Preview Assets.xcassets in Resources */ = {isa = PBXBuildFile; fileRef = 3A62565124DAC503007DF340 /* Preview Assets.xcassets */; };
		3A62565524DAC503007DF340 /* LaunchScreen.storyboard in Resources */ = {isa = PBXBuildFile; fileRef = 3A62565324DAC503007DF340 /* LaunchScreen.storyboard */; };
		3A62565D24DAD15E007DF340 /* PlannetModule.swift in Sources */ = {isa = PBXBuildFile; fileRef = 3A62565C24DAD15E007DF340 /* PlannetModule.swift */; };
		3A62566124DAD232007DF340 /* PlannetsController.swift in Sources */ = {isa = PBXBuildFile; fileRef = 3A62566024DAD232007DF340 /* PlannetsController.swift */; };
/* End PBXBuildFile section */

/* Begin PBXFileReference section */
		3A62564524DAC501007DF340 /* HelloPlannet.app */ = {isa = PBXFileReference; explicitFileType = wrapper.application; includeInIndex = 0; path = HelloPlannet.app; sourceTree = BUILT_PRODUCTS_DIR; };
		3A62564824DAC501007DF340 /* AppDelegate.swift */ = {isa = PBXFileReference; lastKnownFileType = sourcecode.swift; path = AppDelegate.swift; sourceTree = "<group>"; };
		3A62564A24DAC501007DF340 /* SceneDelegate.swift */ = {isa = PBXFileReference; lastKnownFileType = sourcecode.swift; path = SceneDelegate.swift; sourceTree = "<group>"; };
		3A62564C24DAC501007DF340 /* ContentView.swift */ = {isa = PBXFileReference; lastKnownFileType = sourcecode.swift; path = ContentView.swift; sourceTree = "<group>"; };
		3A62564E24DAC503007DF340 /* Assets.xcassets */ = {isa = PBXFileReference; lastKnownFileType = folder.assetcatalog; path = Assets.xcassets; sourceTree = "<group>"; };
		3A62565124DAC503007DF340 /* Preview Assets.xcassets */ = {isa = PBXFileReference; lastKnownFileType = folder.assetcatalog; path = "Preview Assets.xcassets"; sourceTree = "<group>"; };
		3A62565424DAC503007DF340 /* Base */ = {isa = PBXFileReference; lastKnownFileType = file.storyboard; name = Base; path = Base.lproj/LaunchScreen.storyboard; sourceTree = "<group>"; };
		3A62565624DAC503007DF340 /* Info.plist */ = {isa = PBXFileReference; lastKnownFileType = text.plist.xml; path = Info.plist; sourceTree = "<group>"; };
		3A62565C24DAD15E007DF340 /* PlannetModule.swift */ = {isa = PBXFileReference; lastKnownFileType = sourcecode.swift; path = PlannetModule.swift; sourceTree = "<group>"; };
		3A62566024DAD232007DF340 /* PlannetsController.swift */ = {isa = PBXFileReference; lastKnownFileType = sourcecode.swift; path = PlannetsController.swift; sourceTree = "<group>"; };
/* End PBXFileReference section */

/* Begin PBXFrameworksBuildPhase section */
		3A62564224DAC501007DF340 /* Frameworks */ = {
			isa = PBXFrameworksBuildPhase;
			buildActionMask = 2147483647;
			files = (
			);
			runOnlyForDeploymentPostprocessing = 0;
		};
/* End PBXFrameworksBuildPhase section */

/* Begin PBXGroup section */
		3A62563C24DAC501007DF340 = {
			isa = PBXGroup;
			children = (
				3A62564724DAC501007DF340 /* HelloPlannet */,
				3A62564624DAC501007DF340 /* Products */,
			);
			sourceTree = "<group>";
		};
		3A62564624DAC501007DF340 /* Products */ = {
			isa = PBXGroup;
			children = (
				3A62564524DAC501007DF340 /* HelloPlannet.app */,
			);
			name = Products;
			sourceTree = "<group>";
		};
		3A62564724DAC501007DF340 /* HelloPlannet */ = {
			isa = PBXGroup;
			children = (
				3A62564824DAC501007DF340 /* AppDelegate.swift */,
				3A62564A24DAC501007DF340 /* SceneDelegate.swift */,
				3A62564C24DAC501007DF340 /* ContentView.swift */,
				3A62565C24DAD15E007DF340 /* PlannetModule.swift */,
				3A62566024DAD232007DF340 /* PlannetsController.swift */,
				3A62564E24DAC503007DF340 /* Assets.xcassets */,
				3A62565324DAC503007DF340 /* LaunchScreen.storyboard */,
				3A62565624DAC503007DF340 /* Info.plist */,
				3A62565024DAC503007DF340 /* Preview Content */,
			);
			path = HelloPlannet;
			sourceTree = "<group>";
		};
		3A62565024DAC503007DF340 /* Preview Content */ = {
			isa = PBXGroup;
			children = (
				3A62565124DAC503007DF340 /* Preview Assets.xcassets */,
			);
			path = "Preview Content";
			sourceTree = "<group>";
		};
/* End PBXGroup section */

/* Begin PBXNativeTarget section */
		3A62564424DAC501007DF340 /* HelloPlannet */ = {
			isa = PBXNativeTarget;
			buildConfigurationList = 3A62565924DAC503007DF340 /* Build configuration list for PBXNativeTarget "HelloPlannet" */;
			buildPhases = (
				3A62564124DAC501007DF340 /* Sources */,
				3A62564224DAC501007DF340 /* Frameworks */,
				3A62564324DAC501007DF340 /* Resources */,
			);
			buildRules = (
			);
			dependencies = (
			);
			name = HelloPlannet;
			productName = HelloPlannet;
			productReference = 3A62564524DAC501007DF340 /* HelloPlannet.app */;
			productType = "com.apple.product-type.application";
		};
/* End PBXNativeTarget section */

/* Begin PBXProject section */
		3A62563D24DAC501007DF340 /* Project object */ = {
			isa = PBXProject;
			attributes = {
				LastSwiftUpdateCheck = 1150;
				LastUpgradeCheck = 1150;
				ORGANIZATIONNAME = "Thotsana Mabotsa";
				TargetAttributes = {
					3A62564424DAC501007DF340 = {
						CreatedOnToolsVersion = 11.5;
					};
				};
			};
			buildConfigurationList = 3A62564024DAC501007DF340 /* Build configuration list for PBXProject "HelloPlannet" */;
			compatibilityVersion = "Xcode 9.3";
			developmentRegion = en;
			hasScannedForEncodings = 0;
			knownRegions = (
				en,
				Base,
			);
			mainGroup = 3A62563C24DAC501007DF340;
			productRefGroup = 3A62564624DAC501007DF340 /* Products */;
			projectDirPath = "";
			projectRoot = "";
			targets = (
				3A62564424DAC501007DF340 /* HelloPlannet */,
			);
		};
/* End PBXProject section */

/* Begin PBXResourcesBuildPhase section */
		3A62564324DAC501007DF340 /* Resources */ = {
			isa = PBXResourcesBuildPhase;
			buildActionMask = 2147483647;
			files = (
				3A62565524DAC503007DF340 /* LaunchScreen.storyboard in Resources */,
				3A62565224DAC503007DF340 /* Preview Assets.xcassets in Resources */,
				3A62564F24DAC503007DF340 /* Assets.xcassets in Resources */,
			);
			runOnlyForDeploymentPostprocessing = 0;
		};
/* End PBXResourcesBuildPhase section */

/* Begin PBXSourcesBuildPhase section */
		3A62564124DAC501007DF340 /* Sources */ = {
			isa = PBXSourcesBuildPhase;
			buildActionMask = 2147483647;
			files = (
				3A62564924DAC501007DF340 /* AppDelegate.swift in Sources */,
				3A62564B24DAC501007DF340 /* SceneDelegate.swift in Sources */,
				3A62564D24DAC501007DF340 /* ContentView.swift in Sources */,
				3A62566124DAD232007DF340 /* PlannetsController.swift in Sources */,
				3A62565D24DAD15E007DF340 /* PlannetModule.swift in Sources */,
			);
			runOnlyForDeploymentPostprocessing = 0;
		};
/* End PBXSourcesBuildPhase section */

/* Begin PBXVariantGroup section */
		3A62565324DAC503007DF340 /* LaunchScreen.storyboard */ = {
			isa = PBXVariantGroup;
			children = (
				3A62565424DAC503007DF340 /* Base */,
			);
			name = LaunchScreen.storyboard;
			sourceTree = "<group>";
		};
/* End PBXVariantGroup section */

/* Begin XCBuildConfiguration section */
		3A62565724DAC503007DF340 /* Debug */ = {
			isa = XCBuildConfiguration;
			buildSettings = {
				ALWAYS_SEARCH_USER_PATHS = NO;
				CLANG_ANALYZER_NONNULL = YES;
				CLANG_ANALYZER_NUMBER_OBJECT_CONVERSION = YES_AGGRESSIVE;
				CLANG_CXX_LANGUAGE_STANDARD = "gnu++14";
				CLANG_CXX_LIBRARY = "libc++";
				CLANG_ENABLE_MODULES = YES;
				CLANG_ENABLE_OBJC_ARC = YES;
				CLANG_ENABLE_OBJC_WEAK = YES;
				CLANG_WARN_BLOCK_CAPTURE_AUTORELEASING = YES;
				CLANG_WARN_BOOL_CONVERSION = YES;
				CLANG_WARN_COMMA = YES;
				CLANG_WARN_CONSTANT_CONVERSION = YES;
				CLANG_WARN_DEPRECATED_OBJC_IMPLEMENTATIONS = YES;
				CLANG_WARN_DIRECT_OBJC_ISA_USAGE = YES_ERROR;
				CLANG_WARN_DOCUMENTATION_COMMENTS = YES;
				CLANG_WARN_EMPTY_BODY = YES;
				CLANG_WARN_ENUM_CONVERSION = YES;
				CLANG_WARN_INFINITE_RECURSION = YES;
				CLANG_WARN_INT_CONVERSION = YES;
				CLANG_WARN_NON_LITERAL_NULL_CONVERSION = YES;
				CLANG_WARN_OBJC_IMPLICIT_RETAIN_SELF = YES;
				CLANG_WARN_OBJC_LITERAL_CONVERSION = YES;
				CLANG_WARN_OBJC_ROOT_CLASS = YES_ERROR;
				CLANG_WARN_RANGE_LOOP_ANALYSIS = YES;
				CLANG_WARN_STRICT_PROTOTYPES = YES;
				CLANG_WARN_SUSPICIOUS_MOVE = YES;
				CLANG_WARN_UNGUARDED_AVAILABILITY = YES_AGGRESSIVE;
				CLANG_WARN_UNREACHABLE_CODE = YES;
				CLANG_WARN__DUPLICATE_METHOD_MATCH = YES;
				COPY_PHASE_STRIP = NO;
				DEBUG_INFORMATION_FORMAT = dwarf;
				ENABLE_STRICT_OBJC_MSGSEND = YES;
				ENABLE_TESTABILITY = YES;
				GCC_C_LANGUAGE_STANDARD = gnu11;
				GCC_DYNAMIC_NO_PIC = NO;
				GCC_NO_COMMON_BLOCKS = YES;
				GCC_OPTIMIZATION_LEVEL = 0;
				GCC_PREPROCESSOR_DEFINITIONS = (
					"DEBUG=1",
					"$(inherited)",
				);
				GCC_WARN_64_TO_32_BIT_CONVERSION = YES;
				GCC_WARN_ABOUT_RETURN_TYPE = YES_ERROR;
				GCC_WARN_UNDECLARED_SELECTOR = YES;
				GCC_WARN_UNINITIALIZED_AUTOS = YES_AGGRESSIVE;
				GCC_WARN_UNUSED_FUNCTION = YES;
				GCC_WARN_UNUSED_VARIABLE = YES;
				IPHONEOS_DEPLOYMENT_TARGET = 13.5;
				MTL_ENABLE_DEBUG_INFO = INCLUDE_SOURCE;
				MTL_FAST_MATH = YES;
				ONLY_ACTIVE_ARCH = YES;
				SDKROOT = iphoneos;
				SWIFT_ACTIVE_COMPILATION_CONDITIONS = DEBUG;
				SWIFT_OPTIMIZATION_LEVEL = "-Onone";
			};
			name = Debug;
		};
		3A62565824DAC503007DF340 /* Release */ = {
			isa = XCBuildConfiguration;
			buildSettings = {
				ALWAYS_SEARCH_USER_PATHS = NO;
				CLANG_ANALYZER_NONNULL = YES;
				CLANG_ANALYZER_NUMBER_OBJECT_CONVERSION = YES_AGGRESSIVE;
				CLANG_CXX_LANGUAGE_STANDARD = "gnu++14";
				CLANG_CXX_LIBRARY = "libc++";
				CLANG_ENABLE_MODULES = YES;
				CLANG_ENABLE_OBJC_ARC = YES;
				CLANG_ENABLE_OBJC_WEAK = YES;
				CLANG_WARN_BLOCK_CAPTURE_AUTORELEASING = YES;
				CLANG_WARN_BOOL_CONVERSION = YES;
				CLANG_WARN_COMMA = YES;
				CLANG_WARN_CONSTANT_CONVERSION = YES;
				CLANG_WARN_DEPRECATED_OBJC_IMPLEMENTATIONS = YES;
				CLANG_WARN_DIRECT_OBJC_ISA_USAGE = YES_ERROR;
				CLANG_WARN_DOCUMENTATION_COMMENTS = YES;
				CLANG_WARN_EMPTY_BODY = YES;
				CLANG_WARN_ENUM_CONVERSION = YES;
				CLANG_WARN_INFINITE_RECURSION = YES;
				CLANG_WARN_INT_CONVERSION = YES;
				CLANG_WARN_NON_LITERAL_NULL_CONVERSION = YES;
				CLANG_WARN_OBJC_IMPLICIT_RETAIN_SELF = YES;
				CLANG_WARN_OBJC_LITERAL_CONVERSION = YES;
				CLANG_WARN_OBJC_ROOT_CLASS = YES_ERROR;
				CLANG_WARN_RANGE_LOOP_ANALYSIS = YES;
				CLANG_WARN_STRICT_PROTOTYPES = YES;
				CLANG_WARN_SUSPICIOUS_MOVE = YES;
				CLANG_WARN_UNGUARDED_AVAILABILITY = YES_AGGRESSIVE;
				CLANG_WARN_UNREACHABLE_CODE = YES;
				CLANG_WARN__DUPLICATE_METHOD_MATCH = YES;
				COPY_PHASE_STRIP = NO;
				DEBUG_INFORMATION_FORMAT = "dwarf-with-dsym";
				ENABLE_NS_ASSERTIONS = NO;
				ENABLE_STRICT_OBJC_MSGSEND = YES;
				GCC_C_LANGUAGE_STANDARD = gnu11;
				GCC_NO_COMMON_BLOCKS = YES;
				GCC_WARN_64_TO_32_BIT_CONVERSION = YES;
				GCC_WARN_ABOUT_RETURN_TYPE = YES_ERROR;
				GCC_WARN_UNDECLARED_SELECTOR = YES;
				GCC_WARN_UNINITIALIZED_AUTOS = YES_AGGRESSIVE;
				GCC_WARN_UNUSED_FUNCTION = YES;
				GCC_WARN_UNUSED_VARIABLE = YES;
				IPHONEOS_DEPLOYMENT_TARGET = 13.5;
				MTL_ENABLE_DEBUG_INFO = NO;
				MTL_FAST_MATH = YES;
				SDKROOT = iphoneos;
				SWIFT_COMPILATION_MODE = wholemodule;
				SWIFT_OPTIMIZATION_LEVEL = "-O";
				VALIDATE_PRODUCT = YES;
			};
			name = Release;
		};
		3A62565A24DAC503007DF340 /* Debug */ = {
			isa = XCBuildConfiguration;
			buildSettings = {
				ASSETCATALOG_COMPILER_APPICON_NAME = AppIcon;
				CODE_SIGN_STYLE = Automatic;
				DEVELOPMENT_ASSET_PATHS = "\"HelloPlannet/Preview Content\"";
				DEVELOPMENT_TEAM = 7C535NZYGP;
				ENABLE_PREVIEWS = YES;
				INFOPLIST_FILE = HelloPlannet/Info.plist;
				LD_RUNPATH_SEARCH_PATHS = (
					"$(inherited)",
					"@executable_path/Frameworks",
				);
				PRODUCT_BUNDLE_IDENTIFIER = com.standardbank.HelloPlannet;
				PRODUCT_NAME = "$(TARGET_NAME)";
				SWIFT_VERSION = 5.0;
				TARGETED_DEVICE_FAMILY = "1,2";
			};
			name = Debug;
		};
		3A62565B24DAC503007DF340 /* Release */ = {
			isa = XCBuildConfiguration;
			buildSettings = {
				ASSETCATALOG_COMPILER_APPICON_NAME = AppIcon;
				CODE_SIGN_STYLE = Automatic;
				DEVELOPMENT_ASSET_PATHS = "\"HelloPlannet/Preview Content\"";
				DEVELOPMENT_TEAM = 7C535NZYGP;
				ENABLE_PREVIEWS = YES;
				INFOPLIST_FILE = HelloPlannet/Info.plist;
				LD_RUNPATH_SEARCH_PATHS = (
					"$(inherited)",
					"@executable_path/Frameworks",
				);
				PRODUCT_BUNDLE_IDENTIFIER = com.standardbank.HelloPlannet;
				PRODUCT_NAME = "$(TARGET_NAME)";
				SWIFT_VERSION = 5.0;
				TARGETED_DEVICE_FAMILY = "1,2";
			};
			name = Release;
		};
/* End XCBuildConfiguration section */

/* Begin XCConfigurationList section */
		3A62564024DAC501007DF340 /* Build configuration list for PBXProject "HelloPlannet" */ = {
			isa = XCConfigurationList;
			buildConfigurations = (
				3A62565724DAC503007DF340 /* Debug */,
				3A62565824DAC503007DF340 /* Release */,
			);
			defaultConfigurationIsVisible = 0;
			defaultConfigurationName = Release;
		};
		3A62565924DAC503007DF340 /* Build configuration list for PBXNativeTarget "HelloPlannet" */ = {
			isa = XCConfigurationList;
			buildConfigurations = (
				3A62565A24DAC503007DF340 /* Debug */,
				3A62565B24DAC503007DF340 /* Release */,
			);
			defaultConfigurationIsVisible = 0;
			defaultConfigurationName = Release;
		};
/* End XCConfigurationList section */
	};
	rootObject = 3A62563D24DAC501007DF340 /* Project object */;
}
